
Microsoft Visual Studio Solution File, Format Version 12.00
# Visual Studio 14
VisualStudioVersion = 14.0.25420.1
MinimumVisualStudioVersion = 10.0.40219.1
Project("{FAE04EC0-301F-11D3-BF4B-00C04F79EFBC}") = "UltraLeapYearChecker", "UltraLeapYearChecker\UltraLeapYearChecker.csproj", "{A930E206-985F-4A16-AE00-9DDEA9A24864}"
EndProject
Project("{FAE04EC0-301F-11D3-BF4B-00C04F79EFBC}") = "UltraLeapYearCheckerTests", "UltraLeapYearCheckerTests\UltraLeapYearCheckerTests.csproj", "{EA095A4B-F374-4D83-8191-5EC260746CFE}"
EndProject
Global
	GlobalSection(SolutionConfigurationPlatforms) = preSolution
		Debug|Any CPU = Debug|Any CPU
		Release|Any CPU = Release|Any CPU
	EndGlobalSection
	GlobalSection(ProjectConfigurationPlatforms) = postSolution
		{A930E206-985F-4A16-AE00-9DDEA9A24864}.Debug|Any CPU.ActiveCfg = Debug|Any CPU
		{A930E206-985F-4A16-AE00-9DDEA9A24864}.Debug|Any CPU.Build.0 = Debug|Any CPU
		{A930E206-985F-4A16-AE00-9DDEA9A24864}.Release|Any CPU.ActiveCfg = Release|Any CPU
		{A930E206-985F-4A16-AE00-9DDEA9A24864}.Release|Any CPU.Build.0 = Release|Any CPU
		{EA095A4B-F374-4D83-8191-5EC260746CFE}.Debug|Any CPU.ActiveCfg = Debug|Any CPU
		{EA095A4B-F374-4D83-8191-5EC260746CFE}.Debug|Any CPU.Build.0 = Debug|Any CPU
		{EA095A4B-F374-4D83-8191-5EC260746CFE}.Release|Any CPU.ActiveCfg = Release|Any CPU
		{EA095A4B-F374-4D83-8191-5EC260746CFE}.Release|Any CPU.Build.0 = Release|Any CPU
	EndGlobalSection
	GlobalSection(SolutionProperties) = preSolution
		HideSolutionNode = FALSE
	EndGlobalSection
EndGlobal
